
Microsoft Visual Studio Solution File, Format Version 12.00
# Visual Studio Version 16
VisualStudioVersion = 16.0.29519.181
MinimumVisualStudioVersion = 10.0.40219.1
Project("{9A19103F-16F7-4668-BE54-9A1E7A4F7556}") = "RabbitInitiator", "RabbitInitiator\RabbitInitiator.csproj", "{C9697F8A-E6EB-4E7A-A00C-E3440B734E4F}"
EndProject
Project("{9A19103F-16F7-4668-BE54-9A1E7A4F7556}") = "RabbitInitiator.WPF", "RabbitInitiator.WPF\RabbitInitiator.WPF.csproj", "{3A15A16A-8A2B-467B-9CD4-7DF125DB5E95}"
EndProject
Project("{FAE04EC0-301F-11D3-BF4B-00C04F79EFBC}") = "RabbitInitiator.Main", "RabbitInitiator.Main\RabbitInitiator.Main.csproj", "{E6D5A591-C506-401A-929F-D195735FC4EE}"
EndProject
Global
	GlobalSection(SolutionConfigurationPlatforms) = preSolution
		Debug|Any CPU = Debug|Any CPU
		Release|Any CPU = Release|Any CPU
	EndGlobalSection
	GlobalSection(ProjectConfigurationPlatforms) = postSolution
		{C9697F8A-E6EB-4E7A-A00C-E3440B734E4F}.Debug|Any CPU.ActiveCfg = Debug|Any CPU
		{C9697F8A-E6EB-4E7A-A00C-E3440B734E4F}.Debug|Any CPU.Build.0 = Debug|Any CPU
		{C9697F8A-E6EB-4E7A-A00C-E3440B734E4F}.Release|Any CPU.ActiveCfg = Release|Any CPU
		{C9697F8A-E6EB-4E7A-A00C-E3440B734E4F}.Release|Any CPU.Build.0 = Release|Any CPU
		{3A15A16A-8A2B-467B-9CD4-7DF125DB5E95}.Debug|Any CPU.ActiveCfg = Debug|Any CPU
		{3A15A16A-8A2B-467B-9CD4-7DF125DB5E95}.Debug|Any CPU.Build.0 = Debug|Any CPU
		{3A15A16A-8A2B-467B-9CD4-7DF125DB5E95}.Release|Any CPU.ActiveCfg = Release|Any CPU
		{3A15A16A-8A2B-467B-9CD4-7DF125DB5E95}.Release|Any CPU.Build.0 = Release|Any CPU
		{E6D5A591-C506-401A-929F-D195735FC4EE}.Debug|Any CPU.ActiveCfg = Debug|Any CPU
		{E6D5A591-C506-401A-929F-D195735FC4EE}.Debug|Any CPU.Build.0 = Debug|Any CPU
		{E6D5A591-C506-401A-929F-D195735FC4EE}.Release|Any CPU.ActiveCfg = Release|Any CPU
		{E6D5A591-C506-401A-929F-D195735FC4EE}.Release|Any CPU.Build.0 = Release|Any CPU
	EndGlobalSection
	GlobalSection(SolutionProperties) = preSolution
		HideSolutionNode = FALSE
	EndGlobalSection
	GlobalSection(ExtensibilityGlobals) = postSolution
		SolutionGuid = {0F9913C0-E3F6-4721-8DD6-33F82AD8634C}
	EndGlobalSection
EndGlobal
